github.com/hyphacoop/cbor/v2 v2.0.0-20250930181352-7f3ef1e4f19c h1:abffqqU/soNeKe5JDiQspjaP4pL0VH2FLJS2oRVGR0I=
github.com/hyphacoop/cbor/v2 v2.0.0-20250930181352-7f3ef1e4f19c/go.mod h1:1ny0WdocVllO4iUxV5eXuJ9vMzmZ2nITeZg7uBxVEeU=
github.com/x448/float16 v0.8.4 h1:qLwI1I70+NjRFUR3zs1JPUCgaCXSh3SW62uAKT1mSBM=
github.com/x448/float16 v0.8.4/go.mod h1:14CWIYCyZA/cWjXOioeEpHeN/83MdbZDRQHoFcYsOfg=
pgregory.net/rapid v1.2.0 h1:keKAYRcjm+e1F0oAuU5F5+YPAWcyxNNRK2wud503Gnk=
pgregory.net/rapid v1.2.0/go.mod h1:PY5XlDGj0+V1FCq0o192FdRhpKHGTRIWBgqjDBTrq04=
